# THIS IS AN AUTOGENERATED FILE. DO NOT EDIT THIS FILE DIRECTLY.
# yarn lockfile v1


cat-names@^4.0.0:
  version "4.0.0"
  resolved "https://registry.yarnpkg.com/cat-names/-/cat-names-4.0.0.tgz#8077b71a00b00ee1d49a26329f4bdc1628ec4f03"
  integrity sha512-vq0Npb5rRvrefMwqHpY8OF8Ux37cwMHO1/rrmEIv8vNvRb8sTz8HnusX5pcpqWf5LVowOdjbyeMtdIt4IKufAg==
  dependencies:
    meow "^13.2.0"
    unique-random-array "^3.0.0"

dog-names@^3.0.0:
  version "3.0.0"
  resolved "https://registry.yarnpkg.com/dog-names/-/dog-names-3.0.0.tgz#ca524273b6633078cbf9054826ce0387ef2dee70"
  integrity sha512-TCV0nOb+zSbNbjnwWDFIcAnmh+80deyqGC8QTboBIpax6/pHIPTCwa/EfxiGyjwuFGNZ2I2QxRvKM/F67enj8Q==
  dependencies:
    flat-zip "^1.0.1"
    meow "^13.2.0"
    unique-random-array "^3.0.0"

flat-zip@^1.0.1:
  version "1.0.1"
  resolved "https://registry.yarnpkg.com/flat-zip/-/flat-zip-1.0.1.tgz#8d8d58e2b4e8c6377fc3b4698775993e134803c8"
  integrity sha512-s/8bbMuRP3YOBYlpcUzmOiJelXpzSGogbZrXtdHUtoO6O0gEcfOCDDkivJ+9zOwNgzgPQOpJX1v6YwBfPQiYqQ==

meow@^13.2.0:
  version "13.2.0"
  resolved "https://registry.yarnpkg.com/meow/-/meow-13.2.0.tgz#6b7d63f913f984063b3cc261b6e8800c4cd3474f"
  integrity sha512-pxQJQzB6djGPXh08dacEloMFopsOqGVRKFPYvPOt9XDZ1HasbgDZA74CJGreSU4G3Ak7EFJGoiH2auq+yXISgA==

pokemon@^1.2.0:
  version "1.2.0"
  resolved "https://registry.yarnpkg.com/pokemon/-/pokemon-1.2.0.tgz#20436a3701e0be4060f36bc9d4c1fcf0c16d8e78"
  dependencies:
    unique-random-array "^1.0.0"

slugify@^1.1.0:
  version "1.1.0"
  resolved "https://registry.yarnpkg.com/slugify/-/slugify-1.1.0.tgz#7e5b0938d52b5efab1878247ef0f6a4f05db7ee0"

superb@^3.0.0:
  version "3.0.0"
  resolved "https://registry.yarnpkg.com/superb/-/superb-3.0.0.tgz#d29a17cf090f4658813c8debbb89033d3f1cf5bb"
  integrity sha512-2N5f/nIVjOM5NimhLr9+KPPRo2OAtTVIxxshyOrBQsteUhCZJo7a+0I5TG/yt32v0hzOjXuxnUiHEWwYiPpVfg==
  dependencies:
    unique-random-array "^1.0.0"

superheroes@^2.0.0:
  version "2.0.0"
  resolved "https://registry.yarnpkg.com/superheroes/-/superheroes-2.0.0.tgz#8e18ea99b718973afb9b76afd213c7c0e0263537"
  integrity sha512-yTQ2cZ5G/csR1WqF6NOVs3S/FYqj8Tc8TISSsyeBqddYnshX8fkeAfGA5WV4l3/yc7F/pMWVZWfFOzJrQ8Vpng==
  dependencies:
    unique-random-array "^1.0.0"

supervillains@^2.0.0:
  version "2.2.0"
  resolved "https://registry.yarnpkg.com/supervillains/-/supervillains-2.2.0.tgz#e8db1e15f729f138f540c8c9f4e71428c2938d0f"
  integrity sha512-H/v9K1H8MWgQwrCjPEepRHbYZ/sGUgHKWoY6wF3hnJtC6PDsEcUVJre5PjrmA2/NS1OGixfSB78IzzLyLi+A2A==
  dependencies:
    unique-random-array "^1.0.0"

unique-random-array@^1.0.0:
  version "1.0.0"
  resolved "https://registry.yarnpkg.com/unique-random-array/-/unique-random-array-1.0.0.tgz#42b3721c579388d8b667c93c2dbde3d5d81a9136"
  dependencies:
    unique-random "^1.0.0"

unique-random-array@^3.0.0:
  version "3.0.0"
  resolved "https://registry.yarnpkg.com/unique-random-array/-/unique-random-array-3.0.0.tgz#db0c11c885d674c39050a79cf25d11b09ff97c22"
  integrity sha512-AETNmMf8dV7VfCu4pM5SO1nKkZZp3lZsbHk9VxkvR2ZjMYy4mzWwzez0g+ZtYIr+RaVH+UN8A003E7woM/ud7Q==
  dependencies:
    unique-random "^3.0.0"

unique-random@^1.0.0:
  version "1.0.0"
  resolved "https://registry.yarnpkg.com/unique-random/-/unique-random-1.0.0.tgz#ce3e224c8242cd33a0e77b0d7180d77e6b62d0c4"

unique-random@^3.0.0:
  version "3.0.0"
  resolved "https://registry.yarnpkg.com/unique-random/-/unique-random-3.0.0.tgz#ddf20e62d2f5af1dbd606602fb5b5821588c8469"
  integrity sha512-4vjtE3pH6xO5OmsSmjc6KPgHy2rbCw66BbMRLIyXkuq+WzOKA1oNkqQ+Y7Lh+sE0DrOrWMSpFkivhhzCF7J6HA==
